
Microsoft Visual Studio Solution File, Format Version 12.00
# Visual Studio Version 17
VisualStudioVersion = 17.10.34916.146
MinimumVisualStudioVersion = 10.0.40219.1
Project("{FAE04EC0-301F-11D3-BF4B-00C04F79EFBC}") = "ExOOP_2", "ExOOP_2\ExOOP_2.csproj", "{26C6DB54-9C25-49BB-8E03-D4B6C6E058F1}"
EndProject
Global
	GlobalSection(SolutionConfigurationPlatforms) = preSolution
		Debug|Any CPU = Debug|Any CPU
		Release|Any CPU = Release|Any CPU
	EndGlobalSection
	GlobalSection(ProjectConfigurationPlatforms) = postSolution
		{26C6DB54-9C25-49BB-8E03-D4B6C6E058F1}.Debug|Any CPU.ActiveCfg = Debug|Any CPU
		{26C6DB54-9C25-49BB-8E03-D4B6C6E058F1}.Debug|Any CPU.Build.0 = Debug|Any CPU
		{26C6DB54-9C25-49BB-8E03-D4B6C6E058F1}.Release|Any CPU.ActiveCfg = Release|Any CPU
		{26C6DB54-9C25-49BB-8E03-D4B6C6E058F1}.Release|Any CPU.Build.0 = Release|Any CPU
	EndGlobalSection
	GlobalSection(SolutionProperties) = preSolution
		HideSolutionNode = FALSE
	EndGlobalSection
	GlobalSection(ExtensibilityGlobals) = postSolution
		SolutionGuid = {F3BCB3FA-2A6A-4045-B68A-241BE0733843}
	EndGlobalSection
EndGlobal
